
Microsoft Visual Studio Solution File, Format Version 12.00
# Visual Studio 15
VisualStudioVersion = 15.0.27428.1
MinimumVisualStudioVersion = 10.0.40219.1
Project("{FAE04EC0-301F-11D3-BF4B-00C04F79EFBC}") = "BootstrapIntroduction", "BootstrapIntroduction\BootstrapIntroduction.csproj", "{A898825E-78C5-44CC-BF0D-92E9AE1203F8}"
EndProject
Global
	GlobalSection(SolutionConfigurationPlatforms) = preSolution
		Debug|Any CPU = Debug|Any CPU
		Release|Any CPU = Release|Any CPU
	EndGlobalSection
	GlobalSection(ProjectConfigurationPlatforms) = postSolution
		{A898825E-78C5-44CC-BF0D-92E9AE1203F8}.Debug|Any CPU.ActiveCfg = Debug|Any CPU
		{A898825E-78C5-44CC-BF0D-92E9AE1203F8}.Debug|Any CPU.Build.0 = Debug|Any CPU
		{A898825E-78C5-44CC-BF0D-92E9AE1203F8}.Release|Any CPU.ActiveCfg = Release|Any CPU
		{A898825E-78C5-44CC-BF0D-92E9AE1203F8}.Release|Any CPU.Build.0 = Release|Any CPU
	EndGlobalSection
	GlobalSection(SolutionProperties) = preSolution
		HideSolutionNode = FALSE
	EndGlobalSection
	GlobalSection(ExtensibilityGlobals) = postSolution
		SolutionGuid = {CFA6420A-79EF-413B-BB89-9BFB4529CC76}
	EndGlobalSection
EndGlobal
